<?xml version="1.0" encoding="utf-8"?>
<Project ToolsVersion="4.0" xmlns="http://schemas.microsoft.com/developer/msbuild/2003">
  <ItemGroup>
    <Filter Include="源文件">
      <UniqueIdentifier>{4FC737F1-C7A5-4376-A066-2A32D752A2FF}</UniqueIdentifier>
      <Extensions>cpp;c;cc;cxx;c++;cppm;ixx;def;odl;idl;hpj;bat;asm;asmx</Extensions>
    </Filter>
    <Filter Include="头文件">
      <UniqueIdentifier>{93995380-89BD-4b04-88EB-625FBE52EBFB}</UniqueIdentifier>
      <Extensions>h;hh;hpp;hxx;h++;hm;inl;inc;ipp;xsd</Extensions>
    </Filter>
    <Filter Include="资源文件">
      <UniqueIdentifier>{67DA6AB6-F800-4c08-8B7A-83BB121AAD01}</UniqueIdentifier>
      <Extensions>rc;ico;cur;bmp;dlg;rc2;rct;bin;rgs;gif;jpg;jpeg;jpe;resx;tiff;tif;png;wav;mfcribbon-ms</Extensions>
    </Filter>
  </ItemGroup>
  <ItemGroup>
    <ClCompile Include="Leetcode01.c">
      <Filter>源文件</Filter>
    </ClCompile>
    <ClCompile Include="Leetcode09.c">
      <Filter>源文件</Filter>
    </ClCompile>
    <ClCompile Include="Leetcode13.c">
      <Filter>源文件</Filter>
    </ClCompile>
    <ClCompile Include="Leetcode03.c">
      <Filter>源文件</Filter>
    </ClCompile>
    <ClCompile Include="Leetcode04.c">
      <Filter>源文件</Filter>
    </ClCompile>
    <ClCompile Include="Leetcode14.c">
      <Filter>源文件</Filter>
    </ClCompile>
    <ClCompile Include="Leetcode05.c">
      <Filter>源文件</Filter>
    </ClCompile>
    <ClCompile Include="Leetcode07.c">
      <Filter>源文件</Filter>
    </ClCompile>
    <ClCompile Include="Leetcode11.c">
      <Filter>源文件</Filter>
    </ClCompile>
    <ClCompile Include="Leetcode08.c">
      <Filter>源文件</Filter>
    </ClCompile>
    <ClCompile Include="Leetcode70.c">
      <Filter>源文件</Filter>
    </ClCompile>
    <ClCompile Include="Leetcode509.c">
      <Filter>源文件</Filter>
    </ClCompile>
    <ClCompile Include="Leetcode1137.c">
      <Filter>源文件</Filter>
    </ClCompile>
    <ClCompile Include="Leetcode746.c">
      <Filter>源文件</Filter>
    </ClCompile>
    <ClCompile Include="Leetcode198.c">
      <Filter>源文件</Filter>
    </ClCompile>
    <ClCompile Include="Leetcode740.c">
      <Filter>源文件</Filter>
    </ClCompile>
    <ClCompile Include="Leetcode62.c">
      <Filter>源文件</Filter>
    </ClCompile>
    <ClCompile Include="Leetcode64.c">
      <Filter>源文件</Filter>
    </ClCompile>
    <ClCompile Include="Leetcode63.c">
      <Filter>源文件</Filter>
    </ClCompile>
    <ClCompile Include="Leetcode120.c">
      <Filter>源文件</Filter>
    </ClCompile>
    <ClCompile Include="Leetcode931.c">
      <Filter>源文件</Filter>
    </ClCompile>
    <ClCompile Include="Leetcode221.c">
      <Filter>源文件</Filter>
    </ClCompile>
    <ClCompile Include="Leetcode2235.c">
      <Filter>源文件</Filter>
    </ClCompile>
    <ClCompile Include="Leetcode2469.c">
      <Filter>源文件</Filter>
    </ClCompile>
    <ClCompile Include="Leetcode2413.c">
      <Filter>源文件</Filter>
    </ClCompile>
    <ClCompile Include="Leetcode231.c">
      <Filter>源文件</Filter>
    </ClCompile>
    <ClCompile Include="Leetcode2678.c">
      <Filter>源文件</Filter>
    </ClCompile>
    <ClCompile Include="Leetcode139.c">
      <Filter>源文件</Filter>
    </ClCompile>
    <ClCompile Include="Leetcode15.c">
      <Filter>源文件</Filter>
    </ClCompile>
    <ClCompile Include="Leetcode02.c">
      <Filter>源文件</Filter>
    </ClCompile>
    <ClCompile Include="Leetcode06.c">
      <Filter>源文件</Filter>
    </ClCompile>
    <ClCompile Include="Leetcode10.c">
      <Filter>源文件</Filter>
    </ClCompile>
    <ClCompile Include="Leetcode12.c">
      <Filter>源文件</Filter>
    </ClCompile>
    <ClCompile Include="Leetcode16.c">
      <Filter>源文件</Filter>
    </ClCompile>
    <ClCompile Include="Leetcode17.c">
      <Filter>源文件</Filter>
    </ClCompile>
    <ClCompile Include="Leetcode18.c">
      <Filter>源文件</Filter>
    </ClCompile>
    <ClCompile Include="Leetcode26.c">
      <Filter>源文件</Filter>
    </ClCompile>
    <ClCompile Include="Leetcode27.c">
      <Filter>源文件</Filter>
    </ClCompile>
    <ClCompile Include="Leetcode283.c">
      <Filter>源文件</Filter>
    </ClCompile>
    <ClCompile Include="Leetcode31.c">
      <Filter>源文件</Filter>
    </ClCompile>
    <ClCompile Include="Leetcode33.c">
      <Filter>源文件</Filter>
    </ClCompile>
    <ClCompile Include="Leetcode35.c">
      <Filter>源文件</Filter>
    </ClCompile>
    <ClCompile Include="Leetcode66.c">
      <Filter>源文件</Filter>
    </ClCompile>
    <ClCompile Include="Leetcode58.c">
      <Filter>源文件</Filter>
    </ClCompile>
    <ClCompile Include="Leetcode1768.c">
      <Filter>源文件</Filter>
    </ClCompile>
    <ClCompile Include="Leetcode389.c">
      <Filter>源文件</Filter>
    </ClCompile>
    <ClCompile Include="Leetcode28.c">
      <Filter>源文件</Filter>
    </ClCompile>
    <ClCompile Include="Leetcode709.c">
      <Filter>源文件</Filter>
    </ClCompile>
    <ClCompile Include="Leetcode19.c">
      <Filter>源文件</Filter>
    </ClCompile>
    <ClCompile Include="Leetcode20.c">
      <Filter>源文件</Filter>
    </ClCompile>
    <ClCompile Include="Leetcode21.c">
      <Filter>源文件</Filter>
    </ClCompile>
    <ClCompile Include="Leetcode75.c">
      <Filter>源文件</Filter>
    </ClCompile>
    <ClCompile Include="Leetcode88.c">
      <Filter>源文件</Filter>
    </ClCompile>
    <ClCompile Include="Leetcode80.c">
      <Filter>源文件</Filter>
    </ClCompile>
  </ItemGroup>
</Project>