<?xml version="1.0" encoding="utf-8"?>
<Project ToolsVersion="4.0" xmlns="http://schemas.microsoft.com/developer/msbuild/2003">
  <ItemGroup>
    <Filter Include="源文件">
      <UniqueIdentifier>{4FC737F1-C7A5-4376-A066-2A32D752A2FF}</UniqueIdentifier>
      <Extensions>cpp;c;cc;cxx;c++;cppm;ixx;def;odl;idl;hpj;bat;asm;asmx</Extensions>
    </Filter>
    <Filter Include="头文件">
      <UniqueIdentifier>{93995380-89BD-4b04-88EB-625FBE52EBFB}</UniqueIdentifier>
      <Extensions>h;hh;hpp;hxx;h++;hm;inl;inc;ipp;xsd</Extensions>
    </Filter>
    <Filter Include="资源文件">
      <UniqueIdentifier>{67DA6AB6-F800-4c08-8B7A-83BB121AAD01}</UniqueIdentifier>
      <Extensions>rc;ico;cur;bmp;dlg;rc2;rct;bin;rgs;gif;jpg;jpeg;jpe;resx;tiff;tif;png;wav;mfcribbon-ms</Extensions>
    </Filter>
  </ItemGroup>
  <ItemGroup>
    <ClCompile Include="Leetcode01.c">
      <Filter>源文件</Filter>
    </ClCompile>
    <ClCompile Include="Leetcode09.c">
      <Filter>源文件</Filter>
    </ClCompile>
    <ClCompile Include="Leetcode13.c">
      <Filter>源文件</Filter>
    </ClCompile>
    <ClCompile Include="Leetcode03.c">
      <Filter>源文件</Filter>
    </ClCompile>
    <ClCompile Include="Leetcode04.c">
      <Filter>源文件</Filter>
    </ClCompile>
    <ClCompile Include="Leetcode14.c">
      <Filter>源文件</Filter>
    </ClCompile>
    <ClCompile Include="Leetcode05.c">
      <Filter>源文件</Filter>
    </ClCompile>
    <ClCompile Include="Leetcode07.c">
      <Filter>源文件</Filter>
    </ClCompile>
    <ClCompile Include="Leetcode11.c">
      <Filter>源文件</Filter>
    </ClCompile>
    <ClCompile Include="Leetcode08.c">
      <Filter>源文件</Filter>
    </ClCompile>
    <ClCompile Include="Leetcode70.c">
      <Filter>源文件</Filter>
    </ClCompile>
    <ClCompile Include="Leetcode509.c">
      <Filter>源文件</Filter>
    </ClCompile>
    <ClCompile Include="Leetcode1137.c">
      <Filter>源文件</Filter>
    </ClCompile>
    <ClCompile Include="Leetcode746.c">
      <Filter>源文件</Filter>
    </ClCompile>
    <ClCompile Include="Leetcode198.c">
      <Filter>源文件</Filter>
    </ClCompile>
    <ClCompile Include="Leetcode740.c">
      <Filter>源文件</Filter>
    </ClCompile>
    <ClCompile Include="Leetcode62.c">
      <Filter>源文件</Filter>
    </ClCompile>
    <ClCompile Include="Leetcode64.c">
      <Filter>源文件</Filter>
    </ClCompile>
    <ClCompile Include="Leetcode63.c">
      <Filter>源文件</Filter>
    </ClCompile>
    <ClCompile Include="Leetcode120.c">
      <Filter>源文件</Filter>
    </ClCompile>
    <ClCompile Include="Leetcode931.c">
      <Filter>源文件</Filter>
    </ClCompile>
    <ClCompile Include="Leetcode221.c">
      <Filter>源文件</Filter>
    </ClCompile>
    <ClCompile Include="Leetcode2235.c">
      <Filter>源文件</Filter>
    </ClCompile>
    <ClCompile Include="Leetcode2469.c">
      <Filter>源文件</Filter>
    </ClCompile>
    <ClCompile Include="Leetcode2413.c">
      <Filter>源文件</Filter>
    </ClCompile>
    <ClCompile Include="Leetcode231.c">
      <Filter>源文件</Filter>
    </ClCompile>
    <ClCompile Include="Leetcode2678.c">
      <Filter>源文件</Filter>
    </ClCompile>
    <ClCompile Include="Leetcode139.c">
      <Filter>源文件</Filter>
    </ClCompile>
    <ClCompile Include="Leetcode15.c">
      <Filter>源文件</Filter>
    </ClCompile>
    <ClCompile Include="Leetcode02.c">
      <Filter>源文件</Filter>
    </ClCompile>
    <ClCompile Include="Leetcode06.c">
      <Filter>源文件</Filter>
    </ClCompile>
    <ClCompile Include="Leetcode10.c">
      <Filter>源文件</Filter>
    </ClCompile>
    <ClCompile Include="Leetcode12.c">
      <Filter>源文件</Filter>
    </ClCompile>
    <ClCompile Include="Leetcode16.c">
      <Filter>源文件</Filter>
    </ClCompile>
    <ClCompile Include="Leetcode17.c">
      <Filter>源文件</Filter>
    </ClCompile>
    <ClCompile Include="Leetcode18.c">
      <Filter>源文件</Filter>
    </ClCompile>
    <ClCompile Include="Leetcode26.c">
      <Filter>源文件</Filter>
    </ClCompile>
    <ClCompile Include="Leetcode27.c">
      <Filter>源文件</Filter>
    </ClCompile>
    <ClCompile Include="Leetcode283.c">
      <Filter>源文件</Filter>
    </ClCompile>
    <ClCompile Include="Leetcode31.c">
      <Filter>源文件</Filter>
    </ClCompile>
    <ClCompile Include="Leetcode33.c">
      <Filter>源文件</Filter>
    </ClCompile>
    <ClCompile Include="Leetcode35.c">
      <Filter>源文件</Filter>
    </ClCompile>
    <ClCompile Include="Leetcode66.c">
      <Filter>源文件</Filter>
    </ClCompile>
    <ClCompile Include="Leetcode58.c">
      <Filter>源文件</Filter>
    </ClCompile>
    <ClCompile Include="Leetcode1768.c">
      <Filter>源文件</Filter>
    </ClCompile>
    <ClCompile Include="Leetcode389.c">
      <Filter>源文件</Filter>
    </ClCompile>
    <ClCompile Include="Leetcode28.c">
      <Filter>源文件</Filter>
    </ClCompile>
    <ClCompile Include="Leetcode709.c">
      <Filter>源文件</Filter>
    </ClCompile>
    <ClCompile Include="Leetcode19.c">
      <Filter>源文件</Filter>
    </ClCompile>
    <ClCompile Include="Leetcode20.c">
      <Filter>源文件</Filter>
    </ClCompile>
    <ClCompile Include="Leetcode21.c">
      <Filter>源文件</Filter>
    </ClCompile>
    <ClCompile Include="Leetcode75.c">
      <Filter>源文件</Filter>
    </ClCompile>
    <ClCompile Include="Leetcode88.c">
      <Filter>源文件</Filter>
    </ClCompile>
    <ClCompile Include="Leetcode80.c">
      <Filter>源文件</Filter>
    </ClCompile>
    <ClCompile Include="Leetcode202.c">
      <Filter>源文件</Filter>
    </ClCompile>
    <ClCompile Include="Leetcode189.c">
      <Filter>源文件</Filter>
    </ClCompile>
    <ClCompile Include="Leetcode1944.c">
      <Filter>源文件</Filter>
    </ClCompile>
    <ClCompile Include="Leetcode67.c">
      <Filter>源文件</Filter>
    </ClCompile>
    <ClCompile Include="Leetcode242.c">
      <Filter>源文件</Filter>
    </ClCompile>
    <ClCompile Include="Leetcode1822.c">
      <Filter>源文件</Filter>
    </ClCompile>
    <ClCompile Include="Leetcode1502.c">
      <Filter>源文件</Filter>
    </ClCompile>
    <ClCompile Include="Leetcode169.c">
      <Filter>源文件</Filter>
    </ClCompile>
    <ClCompile Include="Leetcode69.c">
      <Filter>源文件</Filter>
    </ClCompile>
    <ClCompile Include="Leetcode125.c">
      <Filter>源文件</Filter>
    </ClCompile>
    <ClCompile Include="Leetcode136.c">
      <Filter>源文件</Filter>
    </ClCompile>
    <ClCompile Include="Leetcode121.c">
      <Filter>源文件</Filter>
    </ClCompile>
    <ClCompile Include="Leetcode171.c">
      <Filter>源文件</Filter>
    </ClCompile>
    <ClCompile Include="Leetcode168.c">
      <Filter>源文件</Filter>
    </ClCompile>
    <ClCompile Include="Leetcode190.c">
      <Filter>源文件</Filter>
    </ClCompile>
    <ClCompile Include="Leetcode191.c">
      <Filter>源文件</Filter>
    </ClCompile>
    <ClCompile Include="Leetcode344.c">
      <Filter>源文件</Filter>
    </ClCompile>
    <ClCompile Include="Leetcode345.c">
      <Filter>源文件</Filter>
    </ClCompile>
    <ClCompile Include="Leetcode342.c">
      <Filter>源文件</Filter>
    </ClCompile>
    <ClCompile Include="Leetcode141.c">
      <Filter>源文件</Filter>
    </ClCompile>
    <ClCompile Include="Leetcode258.c">
      <Filter>源文件</Filter>
    </ClCompile>
    <ClCompile Include="Leetcode392.c">
      <Filter>源文件</Filter>
    </ClCompile>
    <ClCompile Include="Leetcode167.c">
      <Filter>源文件</Filter>
    </ClCompile>
    <ClCompile Include="Leetcode459.c">
      <Filter>源文件</Filter>
    </ClCompile>
    <ClCompile Include="Leetcode896.c">
      <Filter>源文件</Filter>
    </ClCompile>
    <ClCompile Include="Leetcode682.c">
      <Filter>源文件</Filter>
    </ClCompile>
    <ClCompile Include="Leetcode657.c">
      <Filter>源文件</Filter>
    </ClCompile>
    <ClCompile Include="Leetcode1523.c">
      <Filter>源文件</Filter>
    </ClCompile>
    <ClCompile Include="Leetcode34.c">
      <Filter>源文件</Filter>
    </ClCompile>
    <ClCompile Include="Leetcode1491.c">
      <Filter>源文件</Filter>
    </ClCompile>
    <ClCompile Include="Leetcode32.c">
      <Filter>源文件</Filter>
    </ClCompile>
    <ClCompile Include="Leetcode1572.c">
      <Filter>源文件</Filter>
    </ClCompile>
    <ClCompile Include="Leetcode1672.c">
      <Filter>源文件</Filter>
    </ClCompile>
    <ClCompile Include="Leetcode42.c">
      <Filter>源文件</Filter>
    </ClCompile>
    <ClCompile Include="Leetcode43.c">
      <Filter>源文件</Filter>
    </ClCompile>
    <ClCompile Include="Leetcode94.c">
      <Filter>源文件</Filter>
    </ClCompile>
    <ClCompile Include="Leetcode1041.c">
      <Filter>源文件</Filter>
    </ClCompile>
    <ClCompile Include="Leetcode83.c">
      <Filter>源文件</Filter>
    </ClCompile>
    <ClCompile Include="Leetcode100.c">
      <Filter>源文件</Filter>
    </ClCompile>
    <ClCompile Include="Leetcode104.c">
      <Filter>源文件</Filter>
    </ClCompile>
    <ClCompile Include="Leetcode206.c">
      <Filter>源文件</Filter>
    </ClCompile>
    <ClCompile Include="Leetcode101.c">
      <Filter>源文件</Filter>
    </ClCompile>
    <ClCompile Include="Leetcode144.c">
      <Filter>源文件</Filter>
    </ClCompile>
    <ClCompile Include="Leetcode2549.c">
      <Filter>源文件</Filter>
    </ClCompile>
    <ClCompile Include="Leetcode322.c">
      <Filter>源文件</Filter>
    </ClCompile>
    <ClCompile Include="Leetcode112.c">
      <Filter>源文件</Filter>
    </ClCompile>
    <ClCompile Include="Leetcode404.c">
      <Filter>源文件</Filter>
    </ClCompile>
    <ClCompile Include="Leetcode111.c">
      <Filter>源文件</Filter>
    </ClCompile>
    <ClCompile Include="Leetcode860.c">
      <Filter>源文件</Filter>
    </ClCompile>
    <ClCompile Include="Leetcode976.c">
      <Filter>源文件</Filter>
    </ClCompile>
    <ClCompile Include="Leetcode1232.c">
      <Filter>源文件</Filter>
    </ClCompile>
    <ClCompile Include="Leetcode160.c">
      <Filter>源文件</Filter>
    </ClCompile>
    <ClCompile Include="Leetcode387.c">
      <Filter>源文件</Filter>
    </ClCompile>
    <ClCompile Include="Leetcode374.c">
      <Filter>源文件</Filter>
    </ClCompile>
    <ClCompile Include="Leetcode53.c">
      <Filter>源文件</Filter>
    </ClCompile>
    <ClCompile Include="Leetcode234.c">
      <Filter>源文件</Filter>
    </ClCompile>
    <ClCompile Include="Leetcode74.c">
      <Filter>源文件</Filter>
    </ClCompile>
    <ClCompile Include="Leetcode153.c">
      <Filter>源文件</Filter>
    </ClCompile>
    <ClCompile Include="Leetcode560.c">
      <Filter>源文件</Filter>
    </ClCompile>
    <ClCompile Include="Leetcode238.c">
      <Filter>源文件</Filter>
    </ClCompile>
    <ClCompile Include="Leetcode41.c">
      <Filter>源文件</Filter>
    </ClCompile>
    <ClCompile Include="Leetcode326.c">
      <Filter>源文件</Filter>
    </ClCompile>
    <ClCompile Include="Leetcode1456.c">
      <Filter>源文件</Filter>
    </ClCompile>
    <ClCompile Include="Leetcode2269.c">
      <Filter>源文件</Filter>
    </ClCompile>
    <ClCompile Include="Leetcode292.c">
      <Filter>源文件</Filter>
    </ClCompile>
    <ClCompile Include="Leetcode118.c">
      <Filter>源文件</Filter>
    </ClCompile>
    <ClCompile Include="Leetcode163.c">
      <Filter>源文件</Filter>
    </ClCompile>
    <ClCompile Include="Leetcode1984.c">
      <Filter>源文件</Filter>
    </ClCompile>
    <ClCompile Include="Leetcode643.c">
      <Filter>源文件</Filter>
    </ClCompile>
    <ClCompile Include="Leetcode1343.c">
      <Filter>源文件</Filter>
    </ClCompile>
    <ClCompile Include="Leetcode2090.c">
      <Filter>源文件</Filter>
    </ClCompile>
    <ClCompile Include="Leetcode2379.c">
      <Filter>源文件</Filter>
    </ClCompile>
    <ClCompile Include="Leetcode1052.c">
      <Filter>源文件</Filter>
    </ClCompile>
    <ClCompile Include="Leetcode1423.c">
      <Filter>源文件</Filter>
    </ClCompile>
    <ClCompile Include="Leetcode567.c">
      <Filter>源文件</Filter>
    </ClCompile>
    <ClCompile Include="Leetcode438.c">
      <Filter>源文件</Filter>
    </ClCompile>
    <ClCompile Include="Leetcode2841.c">
      <Filter>源文件</Filter>
    </ClCompile>
    <ClCompile Include="Leetcode2461.c">
      <Filter>源文件</Filter>
    </ClCompile>
    <ClCompile Include="Leetcode2134.c">
      <Filter>源文件</Filter>
    </ClCompile>
    <ClCompile Include="Leetcode2653.c">
      <Filter>源文件</Filter>
    </ClCompile>
    <ClCompile Include="Leetcode2156.c">
      <Filter>源文件</Filter>
    </ClCompile>
    <ClCompile Include="Leetcode2953.c">
      <Filter>源文件</Filter>
    </ClCompile>
    <ClCompile Include="Leetcode1493.c">
      <Filter>源文件</Filter>
    </ClCompile>
    <ClCompile Include="Leetcode2730.c">
      <Filter>源文件</Filter>
    </ClCompile>
    <ClCompile Include="Leetcode904.c">
      <Filter>源文件</Filter>
    </ClCompile>
    <ClCompile Include="Leetcode1695.c">
      <Filter>源文件</Filter>
    </ClCompile>
    <ClCompile Include="Leetcode2958.c">
      <Filter>源文件</Filter>
    </ClCompile>
    <ClCompile Include="Leetcode2024.c">
      <Filter>源文件</Filter>
    </ClCompile>
    <ClCompile Include="Leetcode1004.c">
      <Filter>源文件</Filter>
    </ClCompile>
    <ClCompile Include="Leetcode2401.c">
      <Filter>源文件</Filter>
    </ClCompile>
    <ClCompile Include="Leetcode1658.c">
      <Filter>源文件</Filter>
    </ClCompile>
    <ClCompile Include="Leetcode1838.c">
      <Filter>源文件</Filter>
    </ClCompile>
    <ClCompile Include="Leetcode2516.c">
      <Filter>源文件</Filter>
    </ClCompile>
    <ClCompile Include="Leetcode2831.c">
      <Filter>源文件</Filter>
    </ClCompile>
    <ClCompile Include="Leetcode2106.c">
      <Filter>源文件</Filter>
    </ClCompile>
    <ClCompile Include="Leetcode209.c">
      <Filter>源文件</Filter>
    </ClCompile>
    <ClCompile Include="Leetcode1234.c">
      <Filter>源文件</Filter>
    </ClCompile>
    <ClCompile Include="Leetcode76.c">
      <Filter>源文件</Filter>
    </ClCompile>
    <ClCompile Include="Leetcode2799.c">
      <Filter>源文件</Filter>
    </ClCompile>
    <ClCompile Include="Leetcode713.c">
      <Filter>源文件</Filter>
    </ClCompile>
    <ClCompile Include="Leetcode1358.c">
      <Filter>源文件</Filter>
    </ClCompile>
    <ClCompile Include="Leetcode2962.c">
      <Filter>源文件</Filter>
    </ClCompile>
    <ClCompile Include="Leetcode2302.c">
      <Filter>源文件</Filter>
    </ClCompile>
    <ClCompile Include="Leetcode930.c">
      <Filter>源文件</Filter>
    </ClCompile>
    <ClCompile Include="Leetcode1248.c">
      <Filter>源文件</Filter>
    </ClCompile>
    <ClCompile Include="Leetcode1486.c">
      <Filter>源文件</Filter>
    </ClCompile>
    <ClCompile Include="Leetcode2595.c">
      <Filter>源文件</Filter>
    </ClCompile>
    <ClCompile Include="Leetcode476.c">
      <Filter>源文件</Filter>
    </ClCompile>
    <ClCompile Include="Leetcode338.c">
      <Filter>源文件</Filter>
    </ClCompile>
    <ClCompile Include="Leetcode1356.c">
      <Filter>源文件</Filter>
    </ClCompile>
    <ClCompile Include="Leetcode461.c">
      <Filter>源文件</Filter>
    </ClCompile>
    <ClCompile Include="Leetcode2220.c">
      <Filter>源文件</Filter>
    </ClCompile>
    <ClCompile Include="Leetcode868.c">
      <Filter>源文件</Filter>
    </ClCompile>
    <ClCompile Include="Leetcode2917.c">
      <Filter>源文件</Filter>
    </ClCompile>
    <ClCompile Include="Leetcode693.c">
      <Filter>源文件</Filter>
    </ClCompile>
    <ClCompile Include="Leetcode2980.c">
      <Filter>源文件</Filter>
    </ClCompile>
    <ClCompile Include="Leetcode1318.c">
      <Filter>源文件</Filter>
    </ClCompile>
    <ClCompile Include="Leetcode2419.c">
      <Filter>源文件</Filter>
    </ClCompile>
    <ClCompile Include="Leetcode2871.c">
      <Filter>源文件</Filter>
    </ClCompile>
    <ClCompile Include="Leetcode3097.c">
      <Filter>源文件</Filter>
    </ClCompile>
    <ClCompile Include="Leetcode3133.c">
      <Filter>源文件</Filter>
    </ClCompile>
    <ClCompile Include="Leetcode2680.c">
      <Filter>源文件</Filter>
    </ClCompile>
    <ClCompile Include="Leetcode2411.c">
      <Filter>源文件</Filter>
    </ClCompile>
    <ClCompile Include="Leetcode1720.c">
      <Filter>源文件</Filter>
    </ClCompile>
    <ClCompile Include="Leetcode2433.c">
      <Filter>源文件</Filter>
    </ClCompile>
    <ClCompile Include="Leetcode1310.c">
      <Filter>源文件</Filter>
    </ClCompile>
    <ClCompile Include="Leetcode2683.c">
      <Filter>源文件</Filter>
    </ClCompile>
    <ClCompile Include="Leetcode1829.c">
      <Filter>源文件</Filter>
    </ClCompile>
    <ClCompile Include="Leetcode2997.c">
      <Filter>源文件</Filter>
    </ClCompile>
    <ClCompile Include="Leetcode1442.c">
      <Filter>源文件</Filter>
    </ClCompile>
    <ClCompile Include="Leetcode2429.c">
      <Filter>源文件</Filter>
    </ClCompile>
    <ClCompile Include="Leetcode2527.c">
      <Filter>源文件</Filter>
    </ClCompile>
    <ClCompile Include="Leetcode2317.c">
      <Filter>源文件</Filter>
    </ClCompile>
    <ClCompile Include="Leetcode477.c">
      <Filter>源文件</Filter>
    </ClCompile>
    <ClCompile Include="Leetcode1863.c">
      <Filter>源文件</Filter>
    </ClCompile>
    <ClCompile Include="Leetcode2425.c">
      <Filter>源文件</Filter>
    </ClCompile>
    <ClCompile Include="Leetcode2275.c">
      <Filter>源文件</Filter>
    </ClCompile>
    <ClCompile Include="Leetcode1835.c">
      <Filter>源文件</Filter>
    </ClCompile>
    <ClCompile Include="Leetcode1353.c">
      <Filter>源文件</Filter>
    </ClCompile>
    <ClCompile Include="Leetcode3007.c">
      <Filter>源文件</Filter>
    </ClCompile>
    <ClCompile Include="Leetcode704.c">
      <Filter>源文件</Filter>
    </ClCompile>
    <ClCompile Include="Leetcode744.c">
      <Filter>源文件</Filter>
    </ClCompile>
    <ClCompile Include="Leetcode2529.c">
      <Filter>源文件</Filter>
    </ClCompile>
    <ClCompile Include="Leetcode2300.c">
      <Filter>源文件</Filter>
    </ClCompile>
    <ClCompile Include="Leetcode2389.c">
      <Filter>源文件</Filter>
    </ClCompile>
    <ClCompile Include="Leetcode1170.c">
      <Filter>源文件</Filter>
    </ClCompile>
    <ClCompile Include="Leetcode2563.c">
      <Filter>源文件</Filter>
    </ClCompile>
    <ClCompile Include="Leetcode2856.c">
      <Filter>源文件</Filter>
    </ClCompile>
    <ClCompile Include="Leetcode1818.c">
      <Filter>源文件</Filter>
    </ClCompile>
    <ClCompile Include="Leetcode287.c">
      <Filter>源文件</Filter>
    </ClCompile>
    <ClCompile Include="Leetcode275.c">
      <Filter>源文件</Filter>
    </ClCompile>
    <ClCompile Include="Leetcode383.c">
      <Filter>源文件</Filter>
    </ClCompile>
    <ClCompile Include="Leetcode557.c">
      <Filter>源文件</Filter>
    </ClCompile>
    <ClCompile Include="Leetcode217.c">
      <Filter>源文件</Filter>
    </ClCompile>
    <ClCompile Include="Leetcode268.c">
      <Filter>源文件</Filter>
    </ClCompile>
    <ClCompile Include="Leetcode414.c">
      <Filter>源文件</Filter>
    </ClCompile>
    <ClCompile Include="Leetcode2226.c">
      <Filter>源文件</Filter>
    </ClCompile>
    <ClCompile Include="Leetcode3099.c">
      <Filter>源文件</Filter>
    </ClCompile>
    <ClCompile Include="Leetcode3115.c">
      <Filter>源文件</Filter>
    </ClCompile>
    <ClCompile Include="Leetcode3033.c">
      <Filter>源文件</Filter>
    </ClCompile>
    <ClCompile Include="Leetcode122.c">
      <Filter>源文件</Filter>
    </ClCompile>
    <ClCompile Include="Leetcode55.c">
      <Filter>源文件</Filter>
    </ClCompile>
    <ClCompile Include="Leetcode45.c">
      <Filter>源文件</Filter>
    </ClCompile>
    <ClCompile Include="Leetcode274.c">
      <Filter>源文件</Filter>
    </ClCompile>
    <ClCompile Include="Leetcode205.c">
      <Filter>源文件</Filter>
    </ClCompile>
    <ClCompile Include="Leetcode349.c">
      <Filter>源文件</Filter>
    </ClCompile>
    <ClCompile Include="Leetcode350.c">
      <Filter>源文件</Filter>
    </ClCompile>
    <ClCompile Include="Leetcode724.c">
      <Filter>源文件</Filter>
    </ClCompile>
    <ClCompile Include="Leetcode2974.c">
      <Filter>源文件</Filter>
    </ClCompile>
    <ClCompile Include="Leetcode3011.c">
      <Filter>源文件</Filter>
    </ClCompile>
    <ClCompile Include="Leetcode807.c">
      <Filter>源文件</Filter>
    </ClCompile>
    <ClCompile Include="Leetcode594.c">
      <Filter>源文件</Filter>
    </ClCompile>
    <ClCompile Include="Leetcode2956.c">
      <Filter>源文件</Filter>
    </ClCompile>
    <ClCompile Include="Leetcode1275.c">
      <Filter>源文件</Filter>
    </ClCompile>
    <ClCompile Include="Leetcode1512.c">
      <Filter>源文件</Filter>
    </ClCompile>
    <ClCompile Include="Leetcode1281.c">
      <Filter>源文件</Filter>
    </ClCompile>
    <ClCompile Include="Leetcode1422.c">
      <Filter>源文件</Filter>
    </ClCompile>
    <ClCompile Include="Leetcode3096.c">
      <Filter>源文件</Filter>
    </ClCompile>
    <ClCompile Include="Leetcode137.c">
      <Filter>源文件</Filter>
    </ClCompile>
    <ClCompile Include="Leetcode739.c">
      <Filter>源文件</Filter>
    </ClCompile>
    <ClCompile Include="Leetcode409.c">
      <Filter>源文件</Filter>
    </ClCompile>
    <ClCompile Include="Leetcode3190.c">
      <Filter>源文件</Filter>
    </ClCompile>
    <ClCompile Include="Leetcode2798.c">
      <Filter>源文件</Filter>
    </ClCompile>
    <ClCompile Include="Leetcode1828.c">
      <Filter>源文件</Filter>
    </ClCompile>
    <ClCompile Include="Leetcode2769.c">
      <Filter>源文件</Filter>
    </ClCompile>
    <ClCompile Include="Leetcode3110.c">
      <Filter>源文件</Filter>
    </ClCompile>
    <ClCompile Include="Leetcode2807.c">
      <Filter>源文件</Filter>
    </ClCompile>
    <ClCompile Include="Leetcode2844.c">
      <Filter>源文件</Filter>
    </ClCompile>
    <ClCompile Include="Leetcode2740.c">
      <Filter>源文件</Filter>
    </ClCompile>
    <ClCompile Include="Leetcode3106.c">
      <Filter>源文件</Filter>
    </ClCompile>
    <ClCompile Include="Leetcode1769.c">
      <Filter>源文件</Filter>
    </ClCompile>
    <ClCompile Include="Leetcode3232.c">
      <Filter>源文件</Filter>
    </ClCompile>
    <ClCompile Include="Leetcode2396.c">
      <Filter>源文件</Filter>
    </ClCompile>
    <ClCompile Include="Leetcode2960.c">
      <Filter>源文件</Filter>
    </ClCompile>
    <ClCompile Include="Leetcode1689.c">
      <Filter>源文件</Filter>
    </ClCompile>
    <ClCompile Include="Leetcode2651.c">
      <Filter>源文件</Filter>
    </ClCompile>
    <ClCompile Include="Leetcode2894.c">
      <Filter>源文件</Filter>
    </ClCompile>
    <ClCompile Include="Leetcode2697.c">
      <Filter>源文件</Filter>
    </ClCompile>
    <ClCompile Include="Leetcode_LCP_40.c">
      <Filter>源文件</Filter>
    </ClCompile>
    <ClCompile Include="Leetcode3128.c">
      <Filter>源文件</Filter>
    </ClCompile>
    <ClCompile Include="Leetcode3143.c">
      <Filter>源文件</Filter>
    </ClCompile>
    <ClCompile Include="Leetcode572.c">
      <Filter>源文件</Filter>
    </ClCompile>
    <ClCompile Include="Leetcode_LCR_189.c">
      <Filter>源文件</Filter>
    </ClCompile>
    <ClCompile Include="Leetcode2942.c">
      <Filter>源文件</Filter>
    </ClCompile>
    <ClCompile Include="Leetcode1920.c">
      <Filter>源文件</Filter>
    </ClCompile>
    <ClCompile Include="Leetcode3131.c">
      <Filter>源文件</Filter>
    </ClCompile>
    <ClCompile Include="Leetcode237.c">
      <Filter>源文件</Filter>
    </ClCompile>
    <ClCompile Include="Leetcode2824.c">
      <Filter>源文件</Filter>
    </ClCompile>
    <ClCompile Include="Leetcode3168.c">
      <Filter>源文件</Filter>
    </ClCompile>
    <ClCompile Include="Leetcode2859.c">
      <Filter>源文件</Filter>
    </ClCompile>
    <ClCompile Include="Leetcode2011.c">
      <Filter>源文件</Filter>
    </ClCompile>
    <ClCompile Include="Leetcode3151.c">
      <Filter>源文件</Filter>
    </ClCompile>
    <ClCompile Include="Leetcode3248.c">
      <Filter>源文件</Filter>
    </ClCompile>
    <ClCompile Include="Leetcode2744.c">
      <Filter>源文件</Filter>
    </ClCompile>
    <ClCompile Include="Leetcode3152.c">
      <Filter>源文件</Filter>
    </ClCompile>
    <ClCompile Include="Leetcode24.c">
      <Filter>源文件</Filter>
    </ClCompile>
    <ClCompile Include="Leetcode203.c">
      <Filter>源文件</Filter>
    </ClCompile>
    <ClCompile Include="Leetcode_LCR_024.c">
      <Filter>源文件</Filter>
    </ClCompile>
    <ClCompile Include="Leetcode_LCP_67.c">
      <Filter>源文件</Filter>
    </ClCompile>
    <ClCompile Include="Leetcode3146.c">
      <Filter>源文件</Filter>
    </ClCompile>
    <ClCompile Include="Leetcode2656.c">
      <Filter>源文件</Filter>
    </ClCompile>
    <ClCompile Include="Leetcode551.c">
      <Filter>源文件</Filter>
    </ClCompile>
    <ClCompile Include="Leetcode771.c">
      <Filter>源文件</Filter>
    </ClCompile>
    <ClCompile Include="Leetcode22.c">
      <Filter>源文件</Filter>
    </ClCompile>
    <ClCompile Include="Leetcode1678.c">
      <Filter>源文件</Filter>
    </ClCompile>
    <ClCompile Include="Leetcode2710.c">
      <Filter>源文件</Filter>
    </ClCompile>
    <ClCompile Include="Leetcode119.c">
      <Filter>源文件</Filter>
    </ClCompile>
    <ClCompile Include="Leetcode1221.c">
      <Filter>源文件</Filter>
    </ClCompile>
    <ClCompile Include="Leetcode_LCR_182.c">
      <Filter>源文件</Filter>
    </ClCompile>
    <ClCompile Include="Leetcode448.c">
      <Filter>源文件</Filter>
    </ClCompile>
    <ClCompile Include="Leetcode2236.c">
      <Filter>源文件</Filter>
    </ClCompile>
    <ClCompile Include="Leetcode852.c">
      <Filter>源文件</Filter>
    </ClCompile>
    <ClCompile Include="Leetcode3142.c">
      <Filter>源文件</Filter>
    </ClCompile>
    <ClCompile Include="Leetcode3153.c">
      <Filter>源文件</Filter>
    </ClCompile>
    <ClCompile Include="Leetcode3127.c">
      <Filter>源文件</Filter>
    </ClCompile>
    <ClCompile Include="Leetcode1450.c">
      <Filter>源文件</Filter>
    </ClCompile>
    <ClCompile Include="Leetcode3239.c">
      <Filter>源文件</Filter>
    </ClCompile>
    <ClCompile Include="Leetcode1108.c">
      <Filter>源文件</Filter>
    </ClCompile>
    <ClCompile Include="Leetcode2315.c">
      <Filter>源文件</Filter>
    </ClCompile>
    <ClCompile Include="Leetcode3174.c">
      <Filter>源文件</Filter>
    </ClCompile>
    <ClCompile Include="Leetcode2864.c">
      <Filter>源文件</Filter>
    </ClCompile>
    <ClCompile Include="Leetcode1365.c">
      <Filter>源文件</Filter>
    </ClCompile>
    <ClCompile Include="Leetcode977.c">
      <Filter>源文件</Filter>
    </ClCompile>
    <ClCompile Include="PTA_7_1.c">
      <Filter>源文件</Filter>
    </ClCompile>
    <ClCompile Include="PTA_7_3.c">
      <Filter>源文件</Filter>
    </ClCompile>
    <ClCompile Include="PTA_7_4.c">
      <Filter>源文件</Filter>
    </ClCompile>
    <ClCompile Include="PTA_7_5.c">
      <Filter>源文件</Filter>
    </ClCompile>
    <ClCompile Include="PTA_7_7.c">
      <Filter>源文件</Filter>
    </ClCompile>
    <ClCompile Include="Leetcode2181.c">
      <Filter>源文件</Filter>
    </ClCompile>
    <ClCompile Include="Leetcode2828.c">
      <Filter>源文件</Filter>
    </ClCompile>
    <ClCompile Include="Leetcode2351.c">
      <Filter>源文件</Filter>
    </ClCompile>
    <ClCompile Include="Leetcode3028.c">
      <Filter>源文件</Filter>
    </ClCompile>
    <ClCompile Include="Leetcode1295.c">
      <Filter>源文件</Filter>
    </ClCompile>
    <ClCompile Include="Leetcode2390.c">
      <Filter>源文件</Filter>
    </ClCompile>
    <ClCompile Include="Leetcode2848.c">
      <Filter>源文件</Filter>
    </ClCompile>
    <ClCompile Include="Leetcode1184.c">
      <Filter>源文件</Filter>
    </ClCompile>
    <ClCompile Include="Leetcode3285.c">
      <Filter>源文件</Filter>
    </ClCompile>
    <ClCompile Include="Leetcode1833.c">
      <Filter>源文件</Filter>
    </ClCompile>
    <ClCompile Include="Leetcode3289.c">
      <Filter>源文件</Filter>
    </ClCompile>
    <ClCompile Include="Leetcode2414.c">
      <Filter>源文件</Filter>
    </ClCompile>
    <ClCompile Include="Leetcode215.c">
      <Filter>源文件</Filter>
    </ClCompile>
    <ClCompile Include="Leetcode240.c">
      <Filter>源文件</Filter>
    </ClCompile>
    <ClCompile Include="Leetcode997.c">
      <Filter>源文件</Filter>
    </ClCompile>
    <ClCompile Include="Leetcode324.c">
      <Filter>源文件</Filter>
    </ClCompile>
    <ClCompile Include="Leetcode162.c">
      <Filter>源文件</Filter>
    </ClCompile>
    <ClCompile Include="Leetcode367.c">
      <Filter>源文件</Filter>
    </ClCompile>
    <ClCompile Include="Leetcode2535.c">
      <Filter>源文件</Filter>
    </ClCompile>
    <ClCompile Include="Leetcode3271.c">
      <Filter>源文件</Filter>
    </ClCompile>
    <ClCompile Include="Leetcode405.c">
      <Filter>源文件</Filter>
    </ClCompile>
    <ClCompile Include="Leetcode2073.c">
      <Filter>源文件</Filter>
    </ClCompile>
    <ClCompile Include="Leetcode455.c">
      <Filter>源文件</Filter>
    </ClCompile>
    <ClCompile Include="Leetcode3300.c">
      <Filter>源文件</Filter>
    </ClCompile>
    <ClCompile Include="Leetcode_LCP_06.c">
      <Filter>源文件</Filter>
    </ClCompile>
    <ClCompile Include="Leetcode2500.c">
      <Filter>源文件</Filter>
    </ClCompile>
    <ClCompile Include="Leetcode1227.c">
      <Filter>源文件</Filter>
    </ClCompile>
    <ClCompile Include="Leetcode1684.c">
      <Filter>源文件</Filter>
    </ClCompile>
    <ClCompile Include="Leetcode1688.c">
      <Filter>源文件</Filter>
    </ClCompile>
    <ClCompile Include="Leetcode1413.c">
      <Filter>源文件</Filter>
    </ClCompile>
    <ClCompile Include="Leetcode_LCP_01.c">
      <Filter>源文件</Filter>
    </ClCompile>
    <ClCompile Include="Leetcode1431.c">
      <Filter>源文件</Filter>
    </ClCompile>
    <ClCompile Include="Leetcode3162.c">
      <Filter>源文件</Filter>
    </ClCompile>
    <ClCompile Include="Leetcode2520.c">
      <Filter>源文件</Filter>
    </ClCompile>
    <ClCompile Include="Leetcode3158.c">
      <Filter>源文件</Filter>
    </ClCompile>
    <ClCompile Include="Leetcode1884.c">
      <Filter>源文件</Filter>
    </ClCompile>
    <ClCompile Include="Leetcode1021.c">
      <Filter>源文件</Filter>
    </ClCompile>
    <ClCompile Include="Leetcode3200.c">
      <Filter>源文件</Filter>
    </ClCompile>
    <ClCompile Include="Leetcode3194.c">
      <Filter>源文件</Filter>
    </ClCompile>
    <ClCompile Include="Leetcode1544.c">
      <Filter>源文件</Filter>
    </ClCompile>
    <ClCompile Include="Leetcode3191.c">
      <Filter>源文件</Filter>
    </ClCompile>
    <ClCompile Include="Leetcode3192.c">
      <Filter>源文件</Filter>
    </ClCompile>
    <ClCompile Include="Leetcode908.c">
      <Filter>源文件</Filter>
    </ClCompile>
    <ClCompile Include="Leetcode910.c">
      <Filter>源文件</Filter>
    </ClCompile>
    <ClCompile Include="Leetcode3184.c">
      <Filter>源文件</Filter>
    </ClCompile>
    <ClCompile Include="Leetcode3185.c">
      <Filter>源文件</Filter>
    </ClCompile>
    <ClCompile Include="Leetcode3175.c">
      <Filter>源文件</Filter>
    </ClCompile>
    <ClCompile Include="Leetcode3180.c">
      <Filter>源文件</Filter>
    </ClCompile>
    <ClCompile Include="Leetcode1652.c">
      <Filter>源文件</Filter>
    </ClCompile>
    <ClCompile Include="Leetcode3090.c">
      <Filter>源文件</Filter>
    </ClCompile>
    <ClCompile Include="Leetcode2540.c">
      <Filter>源文件</Filter>
    </ClCompile>
    <ClCompile Include="Leetcode3211.c">
      <Filter>源文件</Filter>
    </ClCompile>
    <ClCompile Include="Leetcode3216.c">
      <Filter>源文件</Filter>
    </ClCompile>
    <ClCompile Include="Leetcode377.c">
      <Filter>源文件</Filter>
    </ClCompile>
    <ClCompile Include="Leetcode3259.c">
      <Filter>源文件</Filter>
    </ClCompile>
    <ClCompile Include="Leetcode3226.c">
      <Filter>源文件</Filter>
    </ClCompile>
    <ClCompile Include="Leetcode1385.c">
      <Filter>源文件</Filter>
    </ClCompile>
    <ClCompile Include="Leetcode633.c">
      <Filter>源文件</Filter>
    </ClCompile>
    <ClCompile Include="Leetcode3222.c">
      <Filter>源文件</Filter>
    </ClCompile>
    <ClCompile Include="Leetcode3254.c">
      <Filter>源文件</Filter>
    </ClCompile>
    <ClCompile Include="Leetcode3255.c">
      <Filter>源文件</Filter>
    </ClCompile>
    <ClCompile Include="Leetcode1208.c">
      <Filter>源文件</Filter>
    </ClCompile>
    <ClCompile Include="Leetcode925.c">
      <Filter>源文件</Filter>
    </ClCompile>
    <ClCompile Include="Leetcode540.c">
      <Filter>源文件</Filter>
    </ClCompile>
    <ClCompile Include="Leetcode658.c">
      <Filter>源文件</Filter>
    </ClCompile>
    <ClCompile Include="Leetcode3258.c">
      <Filter>源文件</Filter>
    </ClCompile>
    <ClCompile Include="Leetcode2779.c">
      <Filter>源文件</Filter>
    </ClCompile>
    <ClCompile Include="Leetcode2875.c">
      <Filter>源文件</Filter>
    </ClCompile>
    <ClCompile Include="Leetcode2037.c">
      <Filter>源文件</Filter>
    </ClCompile>
    <ClCompile Include="Leetcode1470.c">
      <Filter>源文件</Filter>
    </ClCompile>
    <ClCompile Include="Leetcode825.c">
      <Filter>源文件</Filter>
    </ClCompile>
    <ClCompile Include="Leetcode2951.c">
      <Filter>源文件</Filter>
    </ClCompile>
    <ClCompile Include="Leetcode2105.c">
      <Filter>源文件</Filter>
    </ClCompile>
    <ClCompile Include="Leetcode1534.c">
      <Filter>源文件</Filter>
    </ClCompile>
    <ClCompile Include="Leetcode145.c">
      <Filter>源文件</Filter>
    </ClCompile>
    <ClCompile Include="Leetcode222.c">
      <Filter>源文件</Filter>
    </ClCompile>
    <ClCompile Include="Leetcode3238.c">
      <Filter>源文件</Filter>
    </ClCompile>
    <ClCompile Include="Leetcode1750.c">
      <Filter>源文件</Filter>
    </ClCompile>
    <ClCompile Include="Leetcode412.c">
      <Filter>源文件</Filter>
    </ClCompile>
    <ClCompile Include="Leetcode3206.c">
      <Filter>源文件</Filter>
    </ClCompile>
    <ClCompile Include="Leetcode3208.c">
      <Filter>源文件</Filter>
    </ClCompile>
    <ClCompile Include="Leetcode415.c">
      <Filter>源文件</Filter>
    </ClCompile>
    <ClCompile Include="Leetcode1832.c">
      <Filter>源文件</Filter>
    </ClCompile>
    <ClCompile Include="Leetcode2180.c">
      <Filter>源文件</Filter>
    </ClCompile>
    <ClCompile Include="Leetcode2466.c">
      <Filter>源文件</Filter>
    </ClCompile>
    <ClCompile Include="Leetcode201.c">
      <Filter>源文件</Filter>
    </ClCompile>
    <ClCompile Include="Leetcode3274.c">
      <Filter>源文件</Filter>
    </ClCompile>
    <ClCompile Include="Leetcode1025.c">
      <Filter>源文件</Filter>
    </ClCompile>
    <ClCompile Include="Leetcode495.c">
      <Filter>源文件</Filter>
    </ClCompile>
    <ClCompile Include="Leetcode999.c">
      <Filter>源文件</Filter>
    </ClCompile>
    <ClCompile Include="Leetcode2760.c">
      <Filter>源文件</Filter>
    </ClCompile>
    <ClCompile Include="Leetcode1812.c">
      <Filter>源文件</Filter>
    </ClCompile>
    <ClCompile Include="Leetcode2915.c">
      <Filter>源文件</Filter>
    </ClCompile>
    <ClCompile Include="Leetcode2717.c">
      <Filter>源文件</Filter>
    </ClCompile>
    <ClCompile Include="Leetcode2266.c">
      <Filter>源文件</Filter>
    </ClCompile>
    <ClCompile Include="Leetcode3264.c">
      <Filter>源文件</Filter>
    </ClCompile>
    <ClCompile Include="Leetcode416.c">
      <Filter>源文件</Filter>
    </ClCompile>
    <ClCompile Include="Leetcode494.c">
      <Filter>源文件</Filter>
    </ClCompile>
    <ClCompile Include="Leetcode1338.c">
      <Filter>源文件</Filter>
    </ClCompile>
    <ClCompile Include="Leetcode50.c">
      <Filter>源文件</Filter>
    </ClCompile>
    <ClCompile Include="Leetcode2787.c">
      <Filter>源文件</Filter>
    </ClCompile>
    <ClCompile Include="Leetcode518.c">
      <Filter>源文件</Filter>
    </ClCompile>
    <ClCompile Include="Leetcode2585.c">
      <Filter>源文件</Filter>
    </ClCompile>
    <ClCompile Include="Leetcode2320.c">
      <Filter>源文件</Filter>
    </ClCompile>
    <ClCompile Include="Leetcode213.c">
      <Filter>源文件</Filter>
    </ClCompile>
    <ClCompile Include="Leetcode2545.c">
      <Filter>源文件</Filter>
    </ClCompile>
    <ClCompile Include="Leetcode1387.c">
      <Filter>源文件</Filter>
    </ClCompile>
    <ClCompile Include="Leetcode2606.c">
      <Filter>源文件</Filter>
    </ClCompile>
    <ClCompile Include="Leetcode_LCR_166.c">
      <Filter>源文件</Filter>
    </ClCompile>
    <ClCompile Include="Leetcode3218.c">
      <Filter>源文件</Filter>
    </ClCompile>
    <ClCompile Include="Leetcode3083.c">
      <Filter>源文件</Filter>
    </ClCompile>
    <ClCompile Include="Leetcode3159.c">
      <Filter>源文件</Filter>
    </ClCompile>
    <ClCompile Include="Leetcode3046.c">
      <Filter>源文件</Filter>
    </ClCompile>
    <ClCompile Include="Leetcode1749.c">
      <Filter>源文件</Filter>
    </ClCompile>
    <ClCompile Include="Leetcode1191.c">
      <Filter>源文件</Filter>
    </ClCompile>
    <ClCompile Include="Leetcode3219.c">
      <Filter>源文件</Filter>
    </ClCompile>
    <ClCompile Include="Leetcode918.c">
      <Filter>源文件</Filter>
    </ClCompile>
    <ClCompile Include="Leetcode279.c">
      <Filter>源文件</Filter>
    </ClCompile>
    <ClCompile Include="Leetcode2325.c">
      <Filter>源文件</Filter>
    </ClCompile>
    <ClCompile Include="Leetcode2574.c">
      <Filter>源文件</Filter>
    </ClCompile>
    <ClCompile Include="Leetcode2367.c">
      <Filter>源文件</Filter>
    </ClCompile>
    <ClCompile Include="Leetcode2274.c">
      <Filter>源文件</Filter>
    </ClCompile>
    <ClCompile Include="Leetcode3019.c">
      <Filter>源文件</Filter>
    </ClCompile>
    <ClCompile Include="Leetcode2264.c">
      <Filter>源文件</Filter>
    </ClCompile>
    <ClCompile Include="Leetcode395.c">
      <Filter>源文件</Filter>
    </ClCompile>
    <ClCompile Include="Leetcode200.c">
      <Filter>源文件</Filter>
    </ClCompile>
    <ClCompile Include="Leetcode3270.c">
      <Filter>源文件</Filter>
    </ClCompile>
    <ClCompile Include="interview16_19.c">
      <Filter>源文件</Filter>
    </ClCompile>
    <ClCompile Include="Leetcode2270.c">
      <Filter>源文件</Filter>
    </ClCompile>
    <ClCompile Include="Leetcode3065.c">
      <Filter>源文件</Filter>
    </ClCompile>
    <ClCompile Include="Leetcode2160.c">
      <Filter>源文件</Filter>
    </ClCompile>
    <ClCompile Include="Leetcode3095.c">
      <Filter>源文件</Filter>
    </ClCompile>
    <ClCompile Include="Leetcode2154.c">
      <Filter>源文件</Filter>
    </ClCompile>
    <ClCompile Include="Leetcode877.c">
      <Filter>源文件</Filter>
    </ClCompile>
    <ClCompile Include="Leetcode3370.c">
      <Filter>源文件</Filter>
    </ClCompile>
    <ClCompile Include="Leetcode1009.c">
      <Filter>源文件</Filter>
    </ClCompile>
    <ClCompile Include="Leetcode2239.c">
      <Filter>源文件</Filter>
    </ClCompile>
    <ClCompile Include="Leetcode2125.c">
      <Filter>源文件</Filter>
    </ClCompile>
    <ClCompile Include="Leetcode1561.c">
      <Filter>源文件</Filter>
    </ClCompile>
    <ClCompile Include="Leetcode2586.c">
      <Filter>源文件</Filter>
    </ClCompile>
    <ClCompile Include="Leetcode2944.c">
      <Filter>源文件</Filter>
    </ClCompile>
    <ClCompile Include="Leetcode2412.c">
      <Filter>源文件</Filter>
    </ClCompile>
    <ClCompile Include="Leetcode2546.c">
      <Filter>源文件</Filter>
    </ClCompile>
    <ClCompile Include="Leetcode905.c">
      <Filter>源文件</Filter>
    </ClCompile>
  </ItemGroup>
</Project>