<?xml version="1.0" encoding="utf-8"?>
<Project ToolsVersion="4.0" xmlns="http://schemas.microsoft.com/developer/msbuild/2003">
  <ItemGroup>
    <Filter Include="源文件">
      <UniqueIdentifier>{4FC737F1-C7A5-4376-A066-2A32D752A2FF}</UniqueIdentifier>
      <Extensions>cpp;c;cc;cxx;c++;cppm;ixx;def;odl;idl;hpj;bat;asm;asmx</Extensions>
    </Filter>
    <Filter Include="头文件">
      <UniqueIdentifier>{93995380-89BD-4b04-88EB-625FBE52EBFB}</UniqueIdentifier>
      <Extensions>h;hh;hpp;hxx;h++;hm;inl;inc;ipp;xsd</Extensions>
    </Filter>
    <Filter Include="资源文件">
      <UniqueIdentifier>{67DA6AB6-F800-4c08-8B7A-83BB121AAD01}</UniqueIdentifier>
      <Extensions>rc;ico;cur;bmp;dlg;rc2;rct;bin;rgs;gif;jpg;jpeg;jpe;resx;tiff;tif;png;wav;mfcribbon-ms</Extensions>
    </Filter>
  </ItemGroup>
  <ItemGroup>
    <ClCompile Include="Leetcode01.c">
      <Filter>源文件</Filter>
    </ClCompile>
    <ClCompile Include="Leetcode09.c">
      <Filter>源文件</Filter>
    </ClCompile>
    <ClCompile Include="Leetcode13.c">
      <Filter>源文件</Filter>
    </ClCompile>
    <ClCompile Include="Leetcode03.c">
      <Filter>源文件</Filter>
    </ClCompile>
    <ClCompile Include="Leetcode04.c">
      <Filter>源文件</Filter>
    </ClCompile>
    <ClCompile Include="Leetcode14.c">
      <Filter>源文件</Filter>
    </ClCompile>
    <ClCompile Include="Leetcode05.c">
      <Filter>源文件</Filter>
    </ClCompile>
    <ClCompile Include="Leetcode07.c">
      <Filter>源文件</Filter>
    </ClCompile>
    <ClCompile Include="Leetcode11.c">
      <Filter>源文件</Filter>
    </ClCompile>
    <ClCompile Include="Leetcode08.c">
      <Filter>源文件</Filter>
    </ClCompile>
    <ClCompile Include="Leetcode70.c">
      <Filter>源文件</Filter>
    </ClCompile>
    <ClCompile Include="Leetcode509.c">
      <Filter>源文件</Filter>
    </ClCompile>
    <ClCompile Include="Leetcode1137.c">
      <Filter>源文件</Filter>
    </ClCompile>
    <ClCompile Include="Leetcode746.c">
      <Filter>源文件</Filter>
    </ClCompile>
    <ClCompile Include="Leetcode198.c">
      <Filter>源文件</Filter>
    </ClCompile>
    <ClCompile Include="Leetcode740.c">
      <Filter>源文件</Filter>
    </ClCompile>
    <ClCompile Include="Leetcode62.c">
      <Filter>源文件</Filter>
    </ClCompile>
    <ClCompile Include="Leetcode64.c">
      <Filter>源文件</Filter>
    </ClCompile>
    <ClCompile Include="Leetcode63.c">
      <Filter>源文件</Filter>
    </ClCompile>
    <ClCompile Include="Leetcode120.c">
      <Filter>源文件</Filter>
    </ClCompile>
    <ClCompile Include="Leetcode931.c">
      <Filter>源文件</Filter>
    </ClCompile>
    <ClCompile Include="Leetcode221.c">
      <Filter>源文件</Filter>
    </ClCompile>
    <ClCompile Include="Leetcode2235.c">
      <Filter>源文件</Filter>
    </ClCompile>
    <ClCompile Include="Leetcode2469.c">
      <Filter>源文件</Filter>
    </ClCompile>
    <ClCompile Include="Leetcode2413.c">
      <Filter>源文件</Filter>
    </ClCompile>
    <ClCompile Include="Leetcode231.c">
      <Filter>源文件</Filter>
    </ClCompile>
    <ClCompile Include="Leetcode2678.c">
      <Filter>源文件</Filter>
    </ClCompile>
    <ClCompile Include="Leetcode139.c">
      <Filter>源文件</Filter>
    </ClCompile>
    <ClCompile Include="Leetcode15.c">
      <Filter>源文件</Filter>
    </ClCompile>
    <ClCompile Include="Leetcode02.c">
      <Filter>源文件</Filter>
    </ClCompile>
    <ClCompile Include="Leetcode06.c">
      <Filter>源文件</Filter>
    </ClCompile>
    <ClCompile Include="Leetcode10.c">
      <Filter>源文件</Filter>
    </ClCompile>
    <ClCompile Include="Leetcode12.c">
      <Filter>源文件</Filter>
    </ClCompile>
    <ClCompile Include="Leetcode16.c">
      <Filter>源文件</Filter>
    </ClCompile>
    <ClCompile Include="Leetcode17.c">
      <Filter>源文件</Filter>
    </ClCompile>
    <ClCompile Include="Leetcode18.c">
      <Filter>源文件</Filter>
    </ClCompile>
    <ClCompile Include="Leetcode26.c">
      <Filter>源文件</Filter>
    </ClCompile>
    <ClCompile Include="Leetcode27.c">
      <Filter>源文件</Filter>
    </ClCompile>
    <ClCompile Include="Leetcode283.c">
      <Filter>源文件</Filter>
    </ClCompile>
    <ClCompile Include="Leetcode31.c">
      <Filter>源文件</Filter>
    </ClCompile>
    <ClCompile Include="Leetcode33.c">
      <Filter>源文件</Filter>
    </ClCompile>
    <ClCompile Include="Leetcode35.c">
      <Filter>源文件</Filter>
    </ClCompile>
    <ClCompile Include="Leetcode66.c">
      <Filter>源文件</Filter>
    </ClCompile>
    <ClCompile Include="Leetcode58.c">
      <Filter>源文件</Filter>
    </ClCompile>
    <ClCompile Include="Leetcode1768.c">
      <Filter>源文件</Filter>
    </ClCompile>
    <ClCompile Include="Leetcode389.c">
      <Filter>源文件</Filter>
    </ClCompile>
    <ClCompile Include="Leetcode28.c">
      <Filter>源文件</Filter>
    </ClCompile>
    <ClCompile Include="Leetcode709.c">
      <Filter>源文件</Filter>
    </ClCompile>
    <ClCompile Include="Leetcode19.c">
      <Filter>源文件</Filter>
    </ClCompile>
    <ClCompile Include="Leetcode20.c">
      <Filter>源文件</Filter>
    </ClCompile>
    <ClCompile Include="Leetcode21.c">
      <Filter>源文件</Filter>
    </ClCompile>
    <ClCompile Include="Leetcode75.c">
      <Filter>源文件</Filter>
    </ClCompile>
    <ClCompile Include="Leetcode88.c">
      <Filter>源文件</Filter>
    </ClCompile>
    <ClCompile Include="Leetcode80.c">
      <Filter>源文件</Filter>
    </ClCompile>
    <ClCompile Include="Leetcode202.c">
      <Filter>源文件</Filter>
    </ClCompile>
    <ClCompile Include="Leetcode189.c">
      <Filter>源文件</Filter>
    </ClCompile>
    <ClCompile Include="Leetcode1944.c">
      <Filter>源文件</Filter>
    </ClCompile>
    <ClCompile Include="Leetcode67.c">
      <Filter>源文件</Filter>
    </ClCompile>
    <ClCompile Include="Leetcode242.c">
      <Filter>源文件</Filter>
    </ClCompile>
    <ClCompile Include="Leetcode1822.c">
      <Filter>源文件</Filter>
    </ClCompile>
    <ClCompile Include="Leetcode1502.c">
      <Filter>源文件</Filter>
    </ClCompile>
    <ClCompile Include="Leetcode169.c">
      <Filter>源文件</Filter>
    </ClCompile>
    <ClCompile Include="Leetcode69.c">
      <Filter>源文件</Filter>
    </ClCompile>
    <ClCompile Include="Leetcode125.c">
      <Filter>源文件</Filter>
    </ClCompile>
    <ClCompile Include="Leetcode136.c">
      <Filter>源文件</Filter>
    </ClCompile>
    <ClCompile Include="Leetcode121.c">
      <Filter>源文件</Filter>
    </ClCompile>
    <ClCompile Include="Leetcode171.c">
      <Filter>源文件</Filter>
    </ClCompile>
    <ClCompile Include="Leetcode168.c">
      <Filter>源文件</Filter>
    </ClCompile>
    <ClCompile Include="Leetcode190.c">
      <Filter>源文件</Filter>
    </ClCompile>
    <ClCompile Include="Leetcode191.c">
      <Filter>源文件</Filter>
    </ClCompile>
    <ClCompile Include="Leetcode344.c">
      <Filter>源文件</Filter>
    </ClCompile>
    <ClCompile Include="Leetcode345.c">
      <Filter>源文件</Filter>
    </ClCompile>
    <ClCompile Include="Leetcode342.c">
      <Filter>源文件</Filter>
    </ClCompile>
    <ClCompile Include="Leetcode141.c">
      <Filter>源文件</Filter>
    </ClCompile>
    <ClCompile Include="Leetcode258.c">
      <Filter>源文件</Filter>
    </ClCompile>
    <ClCompile Include="Leetcode392.c">
      <Filter>源文件</Filter>
    </ClCompile>
    <ClCompile Include="Leetcode167.c">
      <Filter>源文件</Filter>
    </ClCompile>
    <ClCompile Include="Leetcode459.c">
      <Filter>源文件</Filter>
    </ClCompile>
    <ClCompile Include="Leetcode896.c">
      <Filter>源文件</Filter>
    </ClCompile>
    <ClCompile Include="Leetcode682.c">
      <Filter>源文件</Filter>
    </ClCompile>
    <ClCompile Include="Leetcode657.c">
      <Filter>源文件</Filter>
    </ClCompile>
    <ClCompile Include="Leetcode1523.c">
      <Filter>源文件</Filter>
    </ClCompile>
    <ClCompile Include="Leetcode34.c">
      <Filter>源文件</Filter>
    </ClCompile>
    <ClCompile Include="Leetcode1491.c">
      <Filter>源文件</Filter>
    </ClCompile>
    <ClCompile Include="Leetcode32.c">
      <Filter>源文件</Filter>
    </ClCompile>
    <ClCompile Include="Leetcode1572.c">
      <Filter>源文件</Filter>
    </ClCompile>
    <ClCompile Include="Leetcode1672.c">
      <Filter>源文件</Filter>
    </ClCompile>
    <ClCompile Include="Leetcode42.c">
      <Filter>源文件</Filter>
    </ClCompile>
    <ClCompile Include="Leetcode43.c">
      <Filter>源文件</Filter>
    </ClCompile>
    <ClCompile Include="Leetcode94.c">
      <Filter>源文件</Filter>
    </ClCompile>
    <ClCompile Include="Leetcode1041.c">
      <Filter>源文件</Filter>
    </ClCompile>
    <ClCompile Include="Leetcode83.c">
      <Filter>源文件</Filter>
    </ClCompile>
    <ClCompile Include="Leetcode100.c">
      <Filter>源文件</Filter>
    </ClCompile>
    <ClCompile Include="Leetcode104.c">
      <Filter>源文件</Filter>
    </ClCompile>
    <ClCompile Include="Leetcode206.c">
      <Filter>源文件</Filter>
    </ClCompile>
    <ClCompile Include="Leetcode101.c">
      <Filter>源文件</Filter>
    </ClCompile>
    <ClCompile Include="Leetcode144.c">
      <Filter>源文件</Filter>
    </ClCompile>
    <ClCompile Include="Leetcode2549.c">
      <Filter>源文件</Filter>
    </ClCompile>
    <ClCompile Include="Leetcode322.c">
      <Filter>源文件</Filter>
    </ClCompile>
    <ClCompile Include="Leetcode112.c">
      <Filter>源文件</Filter>
    </ClCompile>
    <ClCompile Include="Leetcode404.c">
      <Filter>源文件</Filter>
    </ClCompile>
    <ClCompile Include="Leetcode111.c">
      <Filter>源文件</Filter>
    </ClCompile>
    <ClCompile Include="Leetcode860.c">
      <Filter>源文件</Filter>
    </ClCompile>
    <ClCompile Include="Leetcode976.c">
      <Filter>源文件</Filter>
    </ClCompile>
    <ClCompile Include="Leetcode1232.c">
      <Filter>源文件</Filter>
    </ClCompile>
    <ClCompile Include="Leetcode160.c">
      <Filter>源文件</Filter>
    </ClCompile>
    <ClCompile Include="Leetcode387.c">
      <Filter>源文件</Filter>
    </ClCompile>
    <ClCompile Include="Leetcode374.c">
      <Filter>源文件</Filter>
    </ClCompile>
    <ClCompile Include="Leetcode53.c">
      <Filter>源文件</Filter>
    </ClCompile>
    <ClCompile Include="Leetcode234.c">
      <Filter>源文件</Filter>
    </ClCompile>
    <ClCompile Include="Leetcode74.c">
      <Filter>源文件</Filter>
    </ClCompile>
    <ClCompile Include="Leetcode153.c">
      <Filter>源文件</Filter>
    </ClCompile>
    <ClCompile Include="Leetcode560.c">
      <Filter>源文件</Filter>
    </ClCompile>
    <ClCompile Include="Leetcode238.c">
      <Filter>源文件</Filter>
    </ClCompile>
    <ClCompile Include="Leetcode41.c">
      <Filter>源文件</Filter>
    </ClCompile>
    <ClCompile Include="Leetcode326.c">
      <Filter>源文件</Filter>
    </ClCompile>
    <ClCompile Include="Leetcode1456.c">
      <Filter>源文件</Filter>
    </ClCompile>
    <ClCompile Include="Leetcode2269.c">
      <Filter>源文件</Filter>
    </ClCompile>
    <ClCompile Include="Leetcode292.c">
      <Filter>源文件</Filter>
    </ClCompile>
    <ClCompile Include="Leetcode118.c">
      <Filter>源文件</Filter>
    </ClCompile>
    <ClCompile Include="Leetcode163.c">
      <Filter>源文件</Filter>
    </ClCompile>
    <ClCompile Include="Leetcode1984.c">
      <Filter>源文件</Filter>
    </ClCompile>
    <ClCompile Include="Leetcode643.c">
      <Filter>源文件</Filter>
    </ClCompile>
    <ClCompile Include="Leetcode1343.c">
      <Filter>源文件</Filter>
    </ClCompile>
    <ClCompile Include="Leetcode2090.c">
      <Filter>源文件</Filter>
    </ClCompile>
    <ClCompile Include="Leetcode2379.c">
      <Filter>源文件</Filter>
    </ClCompile>
    <ClCompile Include="Leetcode1052.c">
      <Filter>源文件</Filter>
    </ClCompile>
  </ItemGroup>
</Project>